// !$*UTF8*$!
{
	archiveVersion = 1;
	classes = {
	};
	objectVersion = 46;
	objects = {

/* Begin PBXBuildFile section */
		B458D7281C97877A00925F0A /* AppDelegate.swift in Sources */ = {isa = PBXBuildFile; fileRef = B458D7271C97877A00925F0A /* AppDelegate.swift */; };
		B458D72A1C97877A00925F0A /* ViewController.swift in Sources */ = {isa = PBXBuildFile; fileRef = B458D7291C97877A00925F0A /* ViewController.swift */; };
		B458D72D1C97877A00925F0A /* Main.storyboard in Resources */ = {isa = PBXBuildFile; fileRef = B458D72B1C97877A00925F0A /* Main.storyboard */; };
		B458D72F1C97877A00925F0A /* Assets.xcassets in Resources */ = {isa = PBXBuildFile; fileRef = B458D72E1C97877A00925F0A /* Assets.xcassets */; };
		B458D7321C97877A00925F0A /* LaunchScreen.storyboard in Resources */ = {isa = PBXBuildFile; fileRef = B458D7301C97877A00925F0A /* LaunchScreen.storyboard */; };
/* End PBXBuildFile section */

/* Begin PBXFileReference section */
		B458D7241C97877A00925F0A /* WhoIsMyRepresentative.app */ = {isa = PBXFileReference; explicitFileType = wrapper.application; includeInIndex = 0; path = WhoIsMyRepresentative.app; sourceTree = BUILT_PRODUCTS_DIR; };
		B458D7271C97877A00925F0A /* AppDelegate.swift */ = {isa = PBXFileReference; lastKnownFileType = sourcecode.swift; path = AppDelegate.swift; sourceTree = "<group>"; };
		B458D7291C97877A00925F0A /* ViewController.swift */ = {isa = PBXFileReference; lastKnownFileType = sourcecode.swift; path = ViewController.swift; sourceTree = "<group>"; };
		B458D72C1C97877A00925F0A /* Base */ = {isa = PBXFileReference; lastKnownFileType = file.storyboard; name = Base; path = Base.lproj/Main.storyboard; sourceTree = "<group>"; };
		B458D72E1C97877A00925F0A /* Assets.xcassets */ = {isa = PBXFileReference; lastKnownFileType = folder.assetcatalog; path = Assets.xcassets; sourceTree = "<group>"; };
		B458D7311C97877A00925F0A /* Base */ = {isa = PBXFileReference; lastKnownFileType = file.storyboard; name = Base; path = Base.lproj/LaunchScreen.storyboard; sourceTree = "<group>"; };
		B458D7331C97877A00925F0A /* Info.plist */ = {isa = PBXFileReference; lastKnownFileType = text.plist.xml; path = Info.plist; sourceTree = "<group>"; };
/* End PBXFileReference section */

/* Begin PBXFrameworksBuildPhase section */
		B458D7211C97877A00925F0A /* Frameworks */ = {
			isa = PBXFrameworksBuildPhase;
			buildActionMask = 2147483647;
			files = (
			);
			runOnlyForDeploymentPostprocessing = 0;
		};
/* End PBXFrameworksBuildPhase section */

/* Begin PBXGroup section */
		B458D71B1C97877A00925F0A = {
			isa = PBXGroup;
			children = (
				B458D7261C97877A00925F0A /* WhoIsMyRepresentative */,
				B458D7251C97877A00925F0A /* Products */,
			);
			sourceTree = "<group>";
		};
		B458D7251C97877A00925F0A /* Products */ = {
			isa = PBXGroup;
			children = (
				B458D7241C97877A00925F0A /* WhoIsMyRepresentative.app */,
			);
			name = Products;
			sourceTree = "<group>";
		};
		B458D7261C97877A00925F0A /* WhoIsMyRepresentative */ = {
			isa = PBXGroup;
			children = (
				B458D7271C97877A00925F0A /* AppDelegate.swift */,
				B458D7291C97877A00925F0A /* ViewController.swift */,
				B458D72B1C97877A00925F0A /* Main.storyboard */,
				B458D72E1C97877A00925F0A /* Assets.xcassets */,
				B458D7301C97877A00925F0A /* LaunchScreen.storyboard */,
				B458D7331C97877A00925F0A /* Info.plist */,
			);
			path = WhoIsMyRepresentative;
			sourceTree = "<group>";
		};
/* End PBXGroup section */

/* Begin PBXNativeTarget section */
		B458D7231C97877A00925F0A /* WhoIsMyRepresentative */ = {
			isa = PBXNativeTarget;
			buildConfigurationList = B458D7361C97877A00925F0A /* Build configuration list for PBXNativeTarget "WhoIsMyRepresentative" */;
			buildPhases = (
				B458D7201C97877A00925F0A /* Sources */,
				B458D7211C97877A00925F0A /* Frameworks */,
				B458D7221C97877A00925F0A /* Resources */,
			);
			buildRules = (
			);
			dependencies = (
			);
			name = WhoIsMyRepresentative;
			productName = WhoIsMyRepresentative;
			productReference = B458D7241C97877A00925F0A /* WhoIsMyRepresentative.app */;
			productType = "com.apple.product-type.application";
		};
/* End PBXNativeTarget section */

/* Begin PBXProject section */
		B458D71C1C97877A00925F0A /* Project object */ = {
			isa = PBXProject;
			attributes = {
				LastSwiftUpdateCheck = 0720;
				LastUpgradeCheck = 0720;
				ORGANIZATIONNAME = "Parker Planners";
				TargetAttributes = {
					B458D7231C97877A00925F0A = {
						CreatedOnToolsVersion = 7.2.1;
						DevelopmentTeam = BEHL2L5NVN;
					};
				};
			};
			buildConfigurationList = B458D71F1C97877A00925F0A /* Build configuration list for PBXProject "WhoIsMyRepresentative" */;
			compatibilityVersion = "Xcode 3.2";
			developmentRegion = English;
			hasScannedForEncodings = 0;
			knownRegions = (
				en,
				Base,
			);
			mainGroup = B458D71B1C97877A00925F0A;
			productRefGroup = B458D7251C97877A00925F0A /* Products */;
			projectDirPath = "";
			projectRoot = "";
			targets = (
				B458D7231C97877A00925F0A /* WhoIsMyRepresentative */,
			);
		};
/* End PBXProject section */

/* Begin PBXResourcesBuildPhase section */
		B458D7221C97877A00925F0A /* Resources */ = {
			isa = PBXResourcesBuildPhase;
			buildActionMask = 2147483647;
			files = (
				B458D7321C97877A00925F0A /* LaunchScreen.storyboard in Resources */,
				B458D72F1C97877A00925F0A /* Assets.xcassets in Resources */,
				B458D72D1C97877A00925F0A /* Main.storyboard in Resources */,
			);
			runOnlyForDeploymentPostprocessing = 0;
		};
/* End PBXResourcesBuildPhase section */

/* Begin PBXSourcesBuildPhase section */
		B458D7201C97877A00925F0A /* Sources */ = {
			isa = PBXSourcesBuildPhase;
			buildActionMask = 2147483647;
			files = (
				B458D72A1C97877A00925F0A /* ViewController.swift in Sources */,
				B458D7281C97877A00925F0A /* AppDelegate.swift in Sources */,
			);
			runOnlyForDeploymentPostprocessing = 0;
		};
/* End PBXSourcesBuildPhase section */

/* Begin PBXVariantGroup section */
		B458D72B1C97877A00925F0A /* Main.storyboard */ = {
			isa = PBXVariantGroup;
			children = (
				B458D72C1C97877A00925F0A /* Base */,
			);
			name = Main.storyboard;
			sourceTree = "<group>";
		};
		B458D7301C97877A00925F0A /* LaunchScreen.storyboard */ = {
			isa = PBXVariantGroup;
			children = (
				B458D7311C97877A00925F0A /* Base */,
			);
			name = LaunchScreen.storyboard;
			sourceTree = "<group>";
		};
/* End PBXVariantGroup section */

/* Begin XCBuildConfiguration section */
		B458D7341C97877A00925F0A /* Debug */ = {
			isa = XCBuildConfiguration;
			buildSettings = {
				ALWAYS_SEARCH_USER_PATHS = NO;
				CLANG_CXX_LANGUAGE_STANDARD = "gnu++0x";
				CLANG_CXX_LIBRARY = "libc++";
				CLANG_ENABLE_MODULES = YES;
				CLANG_ENABLE_OBJC_ARC = YES;
				CLANG_WARN_BOOL_CONVERSION = YES;
				CLANG_WARN_CONSTANT_CONVERSION = YES;
				CLANG_WARN_DIRECT_OBJC_ISA_USAGE = YES_ERROR;
				CLANG_WARN_EMPTY_BODY = YES;
				CLANG_WARN_ENUM_CONVERSION = YES;
				CLANG_WARN_INT_CONVERSION = YES;
				CLANG_WARN_OBJC_ROOT_CLASS = YES_ERROR;
				CLANG_WARN_UNREACHABLE_CODE = YES;
				CLANG_WARN__DUPLICATE_METHOD_MATCH = YES;
				"CODE_SIGN_IDENTITY[sdk=iphoneos*]" = "iPhone Developer";
				COPY_PHASE_STRIP = NO;
				DEBUG_INFORMATION_FORMAT = dwarf;
				ENABLE_STRICT_OBJC_MSGSEND = YES;
				ENABLE_TESTABILITY = YES;
				GCC_C_LANGUAGE_STANDARD = gnu99;
				GCC_DYNAMIC_NO_PIC = NO;
				GCC_NO_COMMON_BLOCKS = YES;
				GCC_OPTIMIZATION_LEVEL = 0;
				GCC_PREPROCESSOR_DEFINITIONS = (
					"DEBUG=1",
					"$(inherited)",
				);
				GCC_WARN_64_TO_32_BIT_CONVERSION = YES;
				GCC_WARN_ABOUT_RETURN_TYPE = YES_ERROR;
				GCC_WARN_UNDECLARED_SELECTOR = YES;
				GCC_WARN_UNINITIALIZED_AUTOS = YES_AGGRESSIVE;
				GCC_WARN_UNUSED_FUNCTION = YES;
				GCC_WARN_UNUSED_VARIABLE = YES;
				IPHONEOS_DEPLOYMENT_TARGET = 9.2;
				MTL_ENABLE_DEBUG_INFO = YES;
				ONLY_ACTIVE_ARCH = YES;
				SDKROOT = iphoneos;
				SWIFT_OPTIMIZATION_LEVEL = "-Onone";
			};
			name = Debug;
		};
		B458D7351C97877A00925F0A /* Release */ = {
			isa = XCBuildConfiguration;
			buildSettings = {
				ALWAYS_SEARCH_USER_PATHS = NO;
				CLANG_CXX_LANGUAGE_STANDARD = "gnu++0x";
				CLANG_CXX_LIBRARY = "libc++";
				CLANG_ENABLE_MODULES = YES;
				CLANG_ENABLE_OBJC_ARC = YES;
				CLANG_WARN_BOOL_CONVERSION = YES;
				CLANG_WARN_CONSTANT_CONVERSION = YES;
				CLANG_WARN_DIRECT_OBJC_ISA_USAGE = YES_ERROR;
				CLANG_WARN_EMPTY_BODY = YES;
				CLANG_WARN_ENUM_CONVERSION = YES;
				CLANG_WARN_INT_CONVERSION = YES;
				CLANG_WARN_OBJC_ROOT_CLASS = YES_ERROR;
				CLANG_WARN_UNREACHABLE_CODE = YES;
				CLANG_WARN__DUPLICATE_METHOD_MATCH = YES;
				"CODE_SIGN_IDENTITY[sdk=iphoneos*]" = "iPhone Developer";
				COPY_PHASE_STRIP = NO;
				DEBUG_INFORMATION_FORMAT = "dwarf-with-dsym";
				ENABLE_NS_ASSERTIONS = NO;
				ENABLE_STRICT_OBJC_MSGSEND = YES;
				GCC_C_LANGUAGE_STANDARD = gnu99;
				GCC_NO_COMMON_BLOCKS = YES;
				GCC_WARN_64_TO_32_BIT_CONVERSION = YES;
				GCC_WARN_ABOUT_RETURN_TYPE = YES_ERROR;
				GCC_WARN_UNDECLARED_SELECTOR = YES;
				GCC_WARN_UNINITIALIZED_AUTOS = YES_AGGRESSIVE;
				GCC_WARN_UNUSED_FUNCTION = YES;
				GCC_WARN_UNUSED_VARIABLE = YES;
				IPHONEOS_DEPLOYMENT_TARGET = 9.2;
				MTL_ENABLE_DEBUG_INFO = NO;
				SDKROOT = iphoneos;
				VALIDATE_PRODUCT = YES;
			};
			name = Release;
		};
		B458D7371C97877A00925F0A /* Debug */ = {
			isa = XCBuildConfiguration;
			buildSettings = {
				ASSETCATALOG_COMPILER_APPICON_NAME = AppIcon;
				ASSETCATALOG_COMPILER_LAUNCHIMAGE_NAME = LaunchImage;
				CODE_SIGN_IDENTITY = "iPhone Developer";
				INFOPLIST_FILE = WhoIsMyRepresentative/Info.plist;
				IPHONEOS_DEPLOYMENT_TARGET = 8.0;
				LD_RUNPATH_SEARCH_PATHS = "$(inherited) @executable_path/Frameworks";
				PRODUCT_BUNDLE_IDENTIFIER = com.parkerplanners.WhoIsMyRepresentative;
				PRODUCT_NAME = "$(TARGET_NAME)";
				PROVISIONING_PROFILE = "2d5a2f6d-1011-4a20-9647-0d89191155b4";
				TARGETED_DEVICE_FAMILY = "1,2";
			};
			name = Debug;
		};
		B458D7381C97877A00925F0A /* Release */ = {
			isa = XCBuildConfiguration;
			buildSettings = {
				ASSETCATALOG_COMPILER_APPICON_NAME = AppIcon;
				ASSETCATALOG_COMPILER_LAUNCHIMAGE_NAME = LaunchImage;
				CODE_SIGN_IDENTITY = "iPhone Developer";
				INFOPLIST_FILE = WhoIsMyRepresentative/Info.plist;
				IPHONEOS_DEPLOYMENT_TARGET = 8.0;
				LD_RUNPATH_SEARCH_PATHS = "$(inherited) @executable_path/Frameworks";
				PRODUCT_BUNDLE_IDENTIFIER = com.parkerplanners.WhoIsMyRepresentative;
				PRODUCT_NAME = "$(TARGET_NAME)";
				PROVISIONING_PROFILE = "2d5a2f6d-1011-4a20-9647-0d89191155b4";
				TARGETED_DEVICE_FAMILY = "1,2";
			};
			name = Release;
		};
/* End XCBuildConfiguration section */

/* Begin XCConfigurationList section */
		B458D71F1C97877A00925F0A /* Build configuration list for PBXProject "WhoIsMyRepresentative" */ = {
			isa = XCConfigurationList;
			buildConfigurations = (
				B458D7341C97877A00925F0A /* Debug */,
				B458D7351C97877A00925F0A /* Release */,
			);
			defaultConfigurationIsVisible = 0;
			defaultConfigurationName = Release;
		};
		B458D7361C97877A00925F0A /* Build configuration list for PBXNativeTarget "WhoIsMyRepresentative" */ = {
			isa = XCConfigurationList;
			buildConfigurations = (
				B458D7371C97877A00925F0A /* Debug */,
				B458D7381C97877A00925F0A /* Release */,
			);
			defaultConfigurationIsVisible = 0;
			defaultConfigurationName = Release;
		};
/* End XCConfigurationList section */
	};
	rootObject = B458D71C1C97877A00925F0A /* Project object */;
}
